
Microsoft Visual Studio Solution File, Format Version 12.00
# Visual Studio Version 17
VisualStudioVersion = 17.14.36109.1 d17.14
MinimumVisualStudioVersion = 10.0.40219.1
Project("{FAE04EC0-301F-11D3-BF4B-00C04F79EFBC}") = "PostmanCloneLibrary", "PostmanCloneLibrary\PostmanCloneLibrary.csproj", "{279DE1A4-C65B-441B-AFF8-BF4EEB6AA65C}"
EndProject
Project("{FAE04EC0-301F-11D3-BF4B-00C04F79EFBC}") = "PostmanCloneWinFormUI", "PostmanCloneWinFormUI\PostmanCloneWinFormUI.csproj", "{8600F0E8-DA1E-4C4B-B4A2-FF4DCA90F8D3}"
EndProject
Global
	GlobalSection(SolutionConfigurationPlatforms) = preSolution
		Debug|Any CPU = Debug|Any CPU
		Release|Any CPU = Release|Any CPU
	EndGlobalSection
	GlobalSection(ProjectConfigurationPlatforms) = postSolution
		{279DE1A4-C65B-441B-AFF8-BF4EEB6AA65C}.Debug|Any CPU.ActiveCfg = Debug|Any CPU
		{279DE1A4-C65B-441B-AFF8-BF4EEB6AA65C}.Debug|Any CPU.Build.0 = Debug|Any CPU
		{279DE1A4-C65B-441B-AFF8-BF4EEB6AA65C}.Release|Any CPU.ActiveCfg = Release|Any CPU
		{279DE1A4-C65B-441B-AFF8-BF4EEB6AA65C}.Release|Any CPU.Build.0 = Release|Any CPU
		{8600F0E8-DA1E-4C4B-B4A2-FF4DCA90F8D3}.Debug|Any CPU.ActiveCfg = Debug|Any CPU
		{8600F0E8-DA1E-4C4B-B4A2-FF4DCA90F8D3}.Debug|Any CPU.Build.0 = Debug|Any CPU
		{8600F0E8-DA1E-4C4B-B4A2-FF4DCA90F8D3}.Release|Any CPU.ActiveCfg = Release|Any CPU
		{8600F0E8-DA1E-4C4B-B4A2-FF4DCA90F8D3}.Release|Any CPU.Build.0 = Release|Any CPU
	EndGlobalSection
	GlobalSection(SolutionProperties) = preSolution
		HideSolutionNode = FALSE
	EndGlobalSection
	GlobalSection(ExtensibilityGlobals) = postSolution
		SolutionGuid = {8618319B-654B-4DBC-B717-754E7624CA33}
	EndGlobalSection
EndGlobal
